<Solution>
  <Folder Name="/src/">
    <Project Path="src/MailTermAnalyzer.App/MailTermAnalyzer.App.csproj" />
    <Project Path="src/MailTermAnalyzer.Core/MailTermAnalyzer.Core.csproj" />
    <Project Path="src/MailTermAnalyzer.Infrastructure/MailTermAnalyzer.Infrastructure.csproj" />
  </Folder>
  <Folder Name="/tests/">
    <Project Path="tests/MailTermAnalyzer.Tests/MailTermAnalyzer.Tests.csproj" />
  </Folder>
</Solution>
